
Microsoft Visual Studio Solution File, Format Version 12.00
# Visual Studio Version 17
VisualStudioVersion = 17.5.33627.172
MinimumVisualStudioVersion = 10.0.40219.1
Project("{8BC9CEB8-8B4A-11D0-8D11-00A0C91BC942}") = "Task 1_Command", "Task 1_Command.vcxproj", "{3C1B49E6-9A70-4FD8-A6B5-B86195B6A747}"
EndProject
Global
	GlobalSection(SolutionConfigurationPlatforms) = preSolution
		Debug|x64 = Debug|x64
		Debug|x86 = Debug|x86
		Release|x64 = Release|x64
		Release|x86 = Release|x86
	EndGlobalSection
	GlobalSection(ProjectConfigurationPlatforms) = postSolution
		{3C1B49E6-9A70-4FD8-A6B5-B86195B6A747}.Debug|x64.ActiveCfg = Debug|x64
		{3C1B49E6-9A70-4FD8-A6B5-B86195B6A747}.Debug|x64.Build.0 = Debug|x64
		{3C1B49E6-9A70-4FD8-A6B5-B86195B6A747}.Debug|x86.ActiveCfg = Debug|Win32
		{3C1B49E6-9A70-4FD8-A6B5-B86195B6A747}.Debug|x86.Build.0 = Debug|Win32
		{3C1B49E6-9A70-4FD8-A6B5-B86195B6A747}.Release|x64.ActiveCfg = Release|x64
		{3C1B49E6-9A70-4FD8-A6B5-B86195B6A747}.Release|x64.Build.0 = Release|x64
		{3C1B49E6-9A70-4FD8-A6B5-B86195B6A747}.Release|x86.ActiveCfg = Release|Win32
		{3C1B49E6-9A70-4FD8-A6B5-B86195B6A747}.Release|x86.Build.0 = Release|Win32
	EndGlobalSection
	GlobalSection(SolutionProperties) = preSolution
		HideSolutionNode = FALSE
	EndGlobalSection
	GlobalSection(ExtensibilityGlobals) = postSolution
		SolutionGuid = {BC13D46D-10B8-42B7-9A5D-A8879B02E375}
	EndGlobalSection
EndGlobal
